
Microsoft Visual Studio Solution File, Format Version 12.00
# Visual Studio Version 16
VisualStudioVersion = 16.0.31402.337
MinimumVisualStudioVersion = 10.0.40219.1
Project("{FAE04EC0-301F-11D3-BF4B-00C04F79EFBC}") = "ObserverPattern", "ObserverPattern\ObserverPattern.csproj", "{44B2EA75-FF9C-4B20-A5A3-42C0E2A3293F}"
EndProject
Global
	GlobalSection(SolutionConfigurationPlatforms) = preSolution
		Debug|Any CPU = Debug|Any CPU
		Release|Any CPU = Release|Any CPU
	EndGlobalSection
	GlobalSection(ProjectConfigurationPlatforms) = postSolution
		{44B2EA75-FF9C-4B20-A5A3-42C0E2A3293F}.Debug|Any CPU.ActiveCfg = Debug|Any CPU
		{44B2EA75-FF9C-4B20-A5A3-42C0E2A3293F}.Debug|Any CPU.Build.0 = Debug|Any CPU
		{44B2EA75-FF9C-4B20-A5A3-42C0E2A3293F}.Release|Any CPU.ActiveCfg = Release|Any CPU
		{44B2EA75-FF9C-4B20-A5A3-42C0E2A3293F}.Release|Any CPU.Build.0 = Release|Any CPU
	EndGlobalSection
	GlobalSection(SolutionProperties) = preSolution
		HideSolutionNode = FALSE
	EndGlobalSection
	GlobalSection(ExtensibilityGlobals) = postSolution
		SolutionGuid = {C6A3DDD4-B9D9-44D8-8A14-8B9225E82EFA}
	EndGlobalSection
EndGlobal
